
Microsoft Visual Studio Solution File, Format Version 12.00
# Visual Studio Version 17
VisualStudioVersion = 17.6.33829.357
MinimumVisualStudioVersion = 10.0.40219.1
Project("{FAE04EC0-301F-11D3-BF4B-00C04F79EFBC}") = "ThreadSynchronization Issue", "ThreadSynchronization Issue\ThreadSynchronization Issue.csproj", "{025F009C-3298-47DE-9EAD-A86A6D621C85}"
EndProject
Global
	GlobalSection(SolutionConfigurationPlatforms) = preSolution
		Debug|Any CPU = Debug|Any CPU
		Release|Any CPU = Release|Any CPU
	EndGlobalSection
	GlobalSection(ProjectConfigurationPlatforms) = postSolution
		{025F009C-3298-47DE-9EAD-A86A6D621C85}.Debug|Any CPU.ActiveCfg = Debug|Any CPU
		{025F009C-3298-47DE-9EAD-A86A6D621C85}.Debug|Any CPU.Build.0 = Debug|Any CPU
		{025F009C-3298-47DE-9EAD-A86A6D621C85}.Release|Any CPU.ActiveCfg = Release|Any CPU
		{025F009C-3298-47DE-9EAD-A86A6D621C85}.Release|Any CPU.Build.0 = Release|Any CPU
	EndGlobalSection
	GlobalSection(SolutionProperties) = preSolution
		HideSolutionNode = FALSE
	EndGlobalSection
	GlobalSection(ExtensibilityGlobals) = postSolution
		SolutionGuid = {63F6623E-DFCB-4D78-BA9F-29EF0AFC7D8D}
	EndGlobalSection
EndGlobal
